
Microsoft Visual Studio Solution File, Format Version 12.00
# Visual Studio Version 17
VisualStudioVersion = 17.0.31903.59
MinimumVisualStudioVersion = 10.0.40219.1
Project("{2150E333-8FDC-42A3-9474-1A3956D46DE8}") = "src", "src", "{827E0CD3-B72D-47B6-A68D-7590B98EB39B}"
EndProject
Project("{FAE04EC0-301F-11D3-BF4B-00C04F79EFBC}") = "ExpenseTracker.Api", "src\ExpenseTracker.Api\ExpenseTracker.Api.csproj", "{850FE515-57EF-4ABE-8955-4FD821B104DA}"
EndProject
Project("{FAE04EC0-301F-11D3-BF4B-00C04F79EFBC}") = "ExpenseTracker.Application", "src\ExpenseTracker.Application\ExpenseTracker.Application.csproj", "{3D5F14C0-E8CA-4E48-B6AD-58428CEF70D1}"
EndProject
Project("{FAE04EC0-301F-11D3-BF4B-00C04F79EFBC}") = "ExpenseTracker.Domain", "src\ExpenseTracker.Domain\ExpenseTracker.Domain.csproj", "{E4F32445-F3EB-4CAC-97A9-111B891C58D9}"
EndProject
Project("{FAE04EC0-301F-11D3-BF4B-00C04F79EFBC}") = "ExpenseTracker.Infrastructure", "src\ExpenseTracker.Infrastructure\ExpenseTracker.Infrastructure.csproj", "{C6394001-7C9D-4886-A689-467955B15459}"
EndProject
Project("{2150E333-8FDC-42A3-9474-1A3956D46DE8}") = "tests", "tests", "{0AB3BF05-4346-4AA6-1389-037BE0695223}"
EndProject
Project("{FAE04EC0-301F-11D3-BF4B-00C04F79EFBC}") = "ExpenseTracker.Tests", "tests\ExpenseTracker.Tests\ExpenseTracker.Tests.csproj", "{24D6AE63-EF1C-4E48-9A24-E87613F32E79}"
EndProject
Global
	GlobalSection(SolutionConfigurationPlatforms) = preSolution
		Debug|Any CPU = Debug|Any CPU
		Debug|x64 = Debug|x64
		Debug|x86 = Debug|x86
		Release|Any CPU = Release|Any CPU
		Release|x64 = Release|x64
		Release|x86 = Release|x86
	EndGlobalSection
	GlobalSection(ProjectConfigurationPlatforms) = postSolution
		{850FE515-57EF-4ABE-8955-4FD821B104DA}.Debug|Any CPU.ActiveCfg = Debug|Any CPU
		{850FE515-57EF-4ABE-8955-4FD821B104DA}.Debug|Any CPU.Build.0 = Debug|Any CPU
		{850FE515-57EF-4ABE-8955-4FD821B104DA}.Debug|x64.ActiveCfg = Debug|Any CPU
		{850FE515-57EF-4ABE-8955-4FD821B104DA}.Debug|x64.Build.0 = Debug|Any CPU
		{850FE515-57EF-4ABE-8955-4FD821B104DA}.Debug|x86.ActiveCfg = Debug|Any CPU
		{850FE515-57EF-4ABE-8955-4FD821B104DA}.Debug|x86.Build.0 = Debug|Any CPU
		{850FE515-57EF-4ABE-8955-4FD821B104DA}.Release|Any CPU.ActiveCfg = Release|Any CPU
		{850FE515-57EF-4ABE-8955-4FD821B104DA}.Release|Any CPU.Build.0 = Release|Any CPU
		{850FE515-57EF-4ABE-8955-4FD821B104DA}.Release|x64.ActiveCfg = Release|Any CPU
		{850FE515-57EF-4ABE-8955-4FD821B104DA}.Release|x64.Build.0 = Release|Any CPU
		{850FE515-57EF-4ABE-8955-4FD821B104DA}.Release|x86.ActiveCfg = Release|Any CPU
		{850FE515-57EF-4ABE-8955-4FD821B104DA}.Release|x86.Build.0 = Release|Any CPU
		{3D5F14C0-E8CA-4E48-B6AD-58428CEF70D1}.Debug|Any CPU.ActiveCfg = Debug|Any CPU
		{3D5F14C0-E8CA-4E48-B6AD-58428CEF70D1}.Debug|Any CPU.Build.0 = Debug|Any CPU
		{3D5F14C0-E8CA-4E48-B6AD-58428CEF70D1}.Debug|x64.ActiveCfg = Debug|Any CPU
		{3D5F14C0-E8CA-4E48-B6AD-58428CEF70D1}.Debug|x64.Build.0 = Debug|Any CPU
		{3D5F14C0-E8CA-4E48-B6AD-58428CEF70D1}.Debug|x86.ActiveCfg = Debug|Any CPU
		{3D5F14C0-E8CA-4E48-B6AD-58428CEF70D1}.Debug|x86.Build.0 = Debug|Any CPU
		{3D5F14C0-E8CA-4E48-B6AD-58428CEF70D1}.Release|Any CPU.ActiveCfg = Release|Any CPU
		{3D5F14C0-E8CA-4E48-B6AD-58428CEF70D1}.Release|Any CPU.Build.0 = Release|Any CPU
		{3D5F14C0-E8CA-4E48-B6AD-58428CEF70D1}.Release|x64.ActiveCfg = Release|Any CPU
		{3D5F14C0-E8CA-4E48-B6AD-58428CEF70D1}.Release|x64.Build.0 = Release|Any CPU
		{3D5F14C0-E8CA-4E48-B6AD-58428CEF70D1}.Release|x86.ActiveCfg = Release|Any CPU
		{3D5F14C0-E8CA-4E48-B6AD-58428CEF70D1}.Release|x86.Build.0 = Release|Any CPU
		{E4F32445-F3EB-4CAC-97A9-111B891C58D9}.Debug|Any CPU.ActiveCfg = Debug|Any CPU
		{E4F32445-F3EB-4CAC-97A9-111B891C58D9}.Debug|Any CPU.Build.0 = Debug|Any CPU
		{E4F32445-F3EB-4CAC-97A9-111B891C58D9}.Debug|x64.ActiveCfg = Debug|Any CPU
		{E4F32445-F3EB-4CAC-97A9-111B891C58D9}.Debug|x64.Build.0 = Debug|Any CPU
		{E4F32445-F3EB-4CAC-97A9-111B891C58D9}.Debug|x86.ActiveCfg = Debug|Any CPU
		{E4F32445-F3EB-4CAC-97A9-111B891C58D9}.Debug|x86.Build.0 = Debug|Any CPU
		{E4F32445-F3EB-4CAC-97A9-111B891C58D9}.Release|Any CPU.ActiveCfg = Release|Any CPU
		{E4F32445-F3EB-4CAC-97A9-111B891C58D9}.Release|Any CPU.Build.0 = Release|Any CPU
		{E4F32445-F3EB-4CAC-97A9-111B891C58D9}.Release|x64.ActiveCfg = Release|Any CPU
		{E4F32445-F3EB-4CAC-97A9-111B891C58D9}.Release|x64.Build.0 = Release|Any CPU
		{E4F32445-F3EB-4CAC-97A9-111B891C58D9}.Release|x86.ActiveCfg = Release|Any CPU
		{E4F32445-F3EB-4CAC-97A9-111B891C58D9}.Release|x86.Build.0 = Release|Any CPU
		{C6394001-7C9D-4886-A689-467955B15459}.Debug|Any CPU.ActiveCfg = Debug|Any CPU
		{C6394001-7C9D-4886-A689-467955B15459}.Debug|Any CPU.Build.0 = Debug|Any CPU
		{C6394001-7C9D-4886-A689-467955B15459}.Debug|x64.ActiveCfg = Debug|Any CPU
		{C6394001-7C9D-4886-A689-467955B15459}.Debug|x64.Build.0 = Debug|Any CPU
		{C6394001-7C9D-4886-A689-467955B15459}.Debug|x86.ActiveCfg = Debug|Any CPU
		{C6394001-7C9D-4886-A689-467955B15459}.Debug|x86.Build.0 = Debug|Any CPU
		{C6394001-7C9D-4886-A689-467955B15459}.Release|Any CPU.ActiveCfg = Release|Any CPU
		{C6394001-7C9D-4886-A689-467955B15459}.Release|Any CPU.Build.0 = Release|Any CPU
		{C6394001-7C9D-4886-A689-467955B15459}.Release|x64.ActiveCfg = Release|Any CPU
		{C6394001-7C9D-4886-A689-467955B15459}.Release|x64.Build.0 = Release|Any CPU
		{C6394001-7C9D-4886-A689-467955B15459}.Release|x86.ActiveCfg = Release|Any CPU
		{C6394001-7C9D-4886-A689-467955B15459}.Release|x86.Build.0 = Release|Any CPU
		{24D6AE63-EF1C-4E48-9A24-E87613F32E79}.Debug|Any CPU.ActiveCfg = Debug|Any CPU
		{24D6AE63-EF1C-4E48-9A24-E87613F32E79}.Debug|Any CPU.Build.0 = Debug|Any CPU
		{24D6AE63-EF1C-4E48-9A24-E87613F32E79}.Debug|x64.ActiveCfg = Debug|Any CPU
		{24D6AE63-EF1C-4E48-9A24-E87613F32E79}.Debug|x64.Build.0 = Debug|Any CPU
		{24D6AE63-EF1C-4E48-9A24-E87613F32E79}.Debug|x86.ActiveCfg = Debug|Any CPU
		{24D6AE63-EF1C-4E48-9A24-E87613F32E79}.Debug|x86.Build.0 = Debug|Any CPU
		{24D6AE63-EF1C-4E48-9A24-E87613F32E79}.Release|Any CPU.ActiveCfg = Release|Any CPU
		{24D6AE63-EF1C-4E48-9A24-E87613F32E79}.Release|Any CPU.Build.0 = Release|Any CPU
		{24D6AE63-EF1C-4E48-9A24-E87613F32E79}.Release|x64.ActiveCfg = Release|Any CPU
		{24D6AE63-EF1C-4E48-9A24-E87613F32E79}.Release|x64.Build.0 = Release|Any CPU
		{24D6AE63-EF1C-4E48-9A24-E87613F32E79}.Release|x86.ActiveCfg = Release|Any CPU
		{24D6AE63-EF1C-4E48-9A24-E87613F32E79}.Release|x86.Build.0 = Release|Any CPU
	EndGlobalSection
	GlobalSection(SolutionProperties) = preSolution
		HideSolutionNode = FALSE
	EndGlobalSection
	GlobalSection(NestedProjects) = preSolution
		{850FE515-57EF-4ABE-8955-4FD821B104DA} = {827E0CD3-B72D-47B6-A68D-7590B98EB39B}
		{3D5F14C0-E8CA-4E48-B6AD-58428CEF70D1} = {827E0CD3-B72D-47B6-A68D-7590B98EB39B}
		{E4F32445-F3EB-4CAC-97A9-111B891C58D9} = {827E0CD3-B72D-47B6-A68D-7590B98EB39B}
		{C6394001-7C9D-4886-A689-467955B15459} = {827E0CD3-B72D-47B6-A68D-7590B98EB39B}
		{24D6AE63-EF1C-4E48-9A24-E87613F32E79} = {0AB3BF05-4346-4AA6-1389-037BE0695223}
	EndGlobalSection
EndGlobal
